<?xml version="1.0" encoding="utf-8"?>
<Project ToolsVersion="4.0" xmlns="http://schemas.microsoft.com/developer/msbuild/2003">
  <ItemGroup>
    <Filter Include="Noys">
      <UniqueIdentifier>{4EBD897C-3AF4-8A0D-E3E0-7010CFF6060F}</UniqueIdentifier>
    </Filter>
  </ItemGroup>
  <ItemGroup>
    <ClInclude Include="src\Noys.h" />
    <ClInclude Include="src\Noys\Application.h">
      <Filter>Noys</Filter>
    </ClInclude>
    <ClInclude Include="src\Noys\Core.h">
      <Filter>Noys</Filter>
    </ClInclude>
    <ClInclude Include="src\Noys\EntryPoint.h">
      <Filter>Noys</Filter>
    </ClInclude>
    <ClInclude Include="src\Noys\Log.h">
      <Filter>Noys</Filter>
    </ClInclude>
  </ItemGroup>
  <ItemGroup>
    <ClCompile Include="src\Noys\Application.cpp">
      <Filter>Noys</Filter>
    </ClCompile>
    <ClCompile Include="src\Noys\Log.cpp">
      <Filter>Noys</Filter>
    </ClCompile>
  </ItemGroup>
</Project>