<?xml version="1.0" encoding="utf-8"?>
<Project ToolsVersion="4.0" xmlns="http://schemas.microsoft.com/developer/msbuild/2003">
  <ItemGroup>
    <Filter Include="Noys">
      <UniqueIdentifier>{4EBD897C-3AF4-8A0D-E3E0-7010CFF6060F}</UniqueIdentifier>
    </Filter>
    <Filter Include="Noys\Events">
      <UniqueIdentifier>{72A5174A-DE5A-903F-674F-8A16D3038743}</UniqueIdentifier>
    </Filter>
    <Filter Include="Platform">
      <UniqueIdentifier>{2AC788B4-1694-E3BF-3FAD-D1672BD9184E}</UniqueIdentifier>
    </Filter>
    <Filter Include="Platform\Windows">
      <UniqueIdentifier>{64FBD71A-50F4-F66C-7926-DCF1657ED678}</UniqueIdentifier>
    </Filter>
  </ItemGroup>
  <ItemGroup>
    <ClInclude Include="src\Noys.h" />
    <ClInclude Include="src\Noys\Application.h">
      <Filter>Noys</Filter>
    </ClInclude>
    <ClInclude Include="src\Noys\Core.h">
      <Filter>Noys</Filter>
    </ClInclude>
    <ClInclude Include="src\Noys\EntryPoint.h">
      <Filter>Noys</Filter>
    </ClInclude>
    <ClInclude Include="src\Noys\Events\ApplicationEvent.h">
      <Filter>Noys\Events</Filter>
    </ClInclude>
    <ClInclude Include="src\Noys\Events\Event.h">
      <Filter>Noys\Events</Filter>
    </ClInclude>
    <ClInclude Include="src\Noys\Events\KeyEvent.h">
      <Filter>Noys\Events</Filter>
    </ClInclude>
    <ClInclude Include="src\Noys\Events\MouseEvent.h">
      <Filter>Noys\Events</Filter>
    </ClInclude>
    <ClInclude Include="src\Noys\Log.h">
      <Filter>Noys</Filter>
    </ClInclude>
    <ClInclude Include="src\Noys\Window.h">
      <Filter>Noys</Filter>
    </ClInclude>
    <ClInclude Include="src\Platform\Windows\WindowsWindow.h">
      <Filter>Platform\Windows</Filter>
    </ClInclude>
    <ClInclude Include="src\nypch.h" />
  </ItemGroup>
  <ItemGroup>
    <ClCompile Include="src\Noys\Application.cpp">
      <Filter>Noys</Filter>
    </ClCompile>
    <ClCompile Include="src\Noys\Log.cpp">
      <Filter>Noys</Filter>
    </ClCompile>
    <ClCompile Include="src\Platform\Windows\WindowsWindow.cpp">
      <Filter>Platform\Windows</Filter>
    </ClCompile>
    <ClCompile Include="src\nypch.cpp" />
  </ItemGroup>
</Project>